// !$*UTF8*$!
{
	archiveVersion = 1;
	classes = {
	};
	objectVersion = 77;
	objects = {

/* Begin PBXBuildFile section */
		A5A31B7E2D259CEE005BDAF7 /* CurrencyField in Frameworks */ = {isa = PBXBuildFile; productRef = A5A31B7D2D259CEE005BDAF7 /* CurrencyField */; };
/* End PBXBuildFile section */

/* Begin PBXContainerItemProxy section */
		A50179AE2D255B8700285614 /* PBXContainerItemProxy */ = {
			isa = PBXContainerItemProxy;
			containerPortal = A50179912D255B8600285614 /* Project object */;
			proxyType = 1;
			remoteGlobalIDString = A50179982D255B8600285614;
			remoteInfo = "T-Expenses";
		};
		A50179B82D255B8700285614 /* PBXContainerItemProxy */ = {
			isa = PBXContainerItemProxy;
			containerPortal = A50179912D255B8600285614 /* Project object */;
			proxyType = 1;
			remoteGlobalIDString = A50179982D255B8600285614;
			remoteInfo = "T-Expenses";
		};
/* End PBXContainerItemProxy section */

/* Begin PBXFileReference section */
		A50179992D255B8600285614 /* T-Budget.app */ = {isa = PBXFileReference; explicitFileType = wrapper.application; includeInIndex = 0; path = "T-Budget.app"; sourceTree = BUILT_PRODUCTS_DIR; };
		A50179AD2D255B8700285614 /* T-BudgetTests.xctest */ = {isa = PBXFileReference; explicitFileType = wrapper.cfbundle; includeInIndex = 0; path = "T-BudgetTests.xctest"; sourceTree = BUILT_PRODUCTS_DIR; };
		A50179B72D255B8700285614 /* T-BudgetUITests.xctest */ = {isa = PBXFileReference; explicitFileType = wrapper.cfbundle; includeInIndex = 0; path = "T-BudgetUITests.xctest"; sourceTree = BUILT_PRODUCTS_DIR; };
/* End PBXFileReference section */

/* Begin PBXFileSystemSynchronizedBuildFileExceptionSet section */
		A50179BF2D255B8700285614 /* Exceptions for "T-Budget" folder in "T-Budget" target */ = {
			isa = PBXFileSystemSynchronizedBuildFileExceptionSet;
			membershipExceptions = (
				Info.plist,
			);
			target = A50179982D255B8600285614 /* T-Budget */;
		};
/* End PBXFileSystemSynchronizedBuildFileExceptionSet section */

/* Begin PBXFileSystemSynchronizedRootGroup section */
		A501799B2D255B8600285614 /* T-Budget */ = {
			isa = PBXFileSystemSynchronizedRootGroup;
			exceptions = (
				A50179BF2D255B8700285614 /* Exceptions for "T-Budget" folder in "T-Budget" target */,
			);
			path = "T-Budget";
			sourceTree = "<group>";
		};
		A50179B02D255B8700285614 /* T-ExpensesTests */ = {
			isa = PBXFileSystemSynchronizedRootGroup;
			path = "T-ExpensesTests";
			sourceTree = "<group>";
		};
		A50179BA2D255B8700285614 /* T-ExpensesUITests */ = {
			isa = PBXFileSystemSynchronizedRootGroup;
			path = "T-ExpensesUITests";
			sourceTree = "<group>";
		};
/* End PBXFileSystemSynchronizedRootGroup section */

/* Begin PBXFrameworksBuildPhase section */
		A50179962D255B8600285614 /* Frameworks */ = {
			isa = PBXFrameworksBuildPhase;
			buildActionMask = 2147483647;
			files = (
				A5A31B7E2D259CEE005BDAF7 /* CurrencyField in Frameworks */,
			);
			runOnlyForDeploymentPostprocessing = 0;
		};
		A50179AA2D255B8700285614 /* Frameworks */ = {
			isa = PBXFrameworksBuildPhase;
			buildActionMask = 2147483647;
			files = (
			);
			runOnlyForDeploymentPostprocessing = 0;
		};
		A50179B42D255B8700285614 /* Frameworks */ = {
			isa = PBXFrameworksBuildPhase;
			buildActionMask = 2147483647;
			files = (
			);
			runOnlyForDeploymentPostprocessing = 0;
		};
/* End PBXFrameworksBuildPhase section */

/* Begin PBXGroup section */
		A50179902D255B8600285614 = {
			isa = PBXGroup;
			children = (
				A501799B2D255B8600285614 /* T-Budget */,
				A50179B02D255B8700285614 /* T-ExpensesTests */,
				A50179BA2D255B8700285614 /* T-ExpensesUITests */,
				A5A31B7C2D259CEE005BDAF7 /* Frameworks */,
				A501799A2D255B8600285614 /* Products */,
			);
			sourceTree = "<group>";
		};
		A501799A2D255B8600285614 /* Products */ = {
			isa = PBXGroup;
			children = (
				A50179992D255B8600285614 /* T-Budget.app */,
				A50179AD2D255B8700285614 /* T-BudgetTests.xctest */,
				A50179B72D255B8700285614 /* T-BudgetUITests.xctest */,
			);
			name = Products;
			sourceTree = "<group>";
		};
		A5A31B7C2D259CEE005BDAF7 /* Frameworks */ = {
			isa = PBXGroup;
			children = (
			);
			name = Frameworks;
			sourceTree = "<group>";
		};
/* End PBXGroup section */

/* Begin PBXNativeTarget section */
		A50179982D255B8600285614 /* T-Budget */ = {
			isa = PBXNativeTarget;
			buildConfigurationList = A50179C02D255B8700285614 /* Build configuration list for PBXNativeTarget "T-Budget" */;
			buildPhases = (
				A50179952D255B8600285614 /* Sources */,
				A50179962D255B8600285614 /* Frameworks */,
				A50179972D255B8600285614 /* Resources */,
			);
			buildRules = (
			);
			dependencies = (
			);
			fileSystemSynchronizedGroups = (
				A501799B2D255B8600285614 /* T-Budget */,
			);
			name = "T-Budget";
			packageProductDependencies = (
				A5A31B7D2D259CEE005BDAF7 /* CurrencyField */,
			);
			productName = "T-Expenses";
			productReference = A50179992D255B8600285614 /* T-Budget.app */;
			productType = "com.apple.product-type.application";
		};
		A50179AC2D255B8700285614 /* T-BudgetTests */ = {
			isa = PBXNativeTarget;
			buildConfigurationList = A50179C52D255B8700285614 /* Build configuration list for PBXNativeTarget "T-BudgetTests" */;
			buildPhases = (
				A50179A92D255B8700285614 /* Sources */,
				A50179AA2D255B8700285614 /* Frameworks */,
				A50179AB2D255B8700285614 /* Resources */,
			);
			buildRules = (
			);
			dependencies = (
				A50179AF2D255B8700285614 /* PBXTargetDependency */,
			);
			fileSystemSynchronizedGroups = (
				A50179B02D255B8700285614 /* T-ExpensesTests */,
			);
			name = "T-BudgetTests";
			packageProductDependencies = (
			);
			productName = "T-ExpensesTests";
			productReference = A50179AD2D255B8700285614 /* T-BudgetTests.xctest */;
			productType = "com.apple.product-type.bundle.unit-test";
		};
		A50179B62D255B8700285614 /* T-BudgetUITests */ = {
			isa = PBXNativeTarget;
			buildConfigurationList = A50179C82D255B8700285614 /* Build configuration list for PBXNativeTarget "T-BudgetUITests" */;
			buildPhases = (
				A50179B32D255B8700285614 /* Sources */,
				A50179B42D255B8700285614 /* Frameworks */,
				A50179B52D255B8700285614 /* Resources */,
			);
			buildRules = (
			);
			dependencies = (
				A50179B92D255B8700285614 /* PBXTargetDependency */,
			);
			fileSystemSynchronizedGroups = (
				A50179BA2D255B8700285614 /* T-ExpensesUITests */,
			);
			name = "T-BudgetUITests";
			packageProductDependencies = (
			);
			productName = "T-ExpensesUITests";
			productReference = A50179B72D255B8700285614 /* T-BudgetUITests.xctest */;
			productType = "com.apple.product-type.bundle.ui-testing";
		};
/* End PBXNativeTarget section */

/* Begin PBXProject section */
		A50179912D255B8600285614 /* Project object */ = {
			isa = PBXProject;
			attributes = {
				BuildIndependentTargetsInParallel = 1;
				LastSwiftUpdateCheck = 1620;
				LastUpgradeCheck = 1620;
				TargetAttributes = {
					A50179982D255B8600285614 = {
						CreatedOnToolsVersion = 16.2;
					};
					A50179AC2D255B8700285614 = {
						CreatedOnToolsVersion = 16.2;
						TestTargetID = A50179982D255B8600285614;
					};
					A50179B62D255B8700285614 = {
						CreatedOnToolsVersion = 16.2;
						TestTargetID = A50179982D255B8600285614;
					};
				};
			};
			buildConfigurationList = A50179942D255B8600285614 /* Build configuration list for PBXProject "T-Budget" */;
			developmentRegion = en;
			hasScannedForEncodings = 0;
			knownRegions = (
				en,
				Base,
			);
			mainGroup = A50179902D255B8600285614;
			minimizedProjectReferenceProxies = 1;
			packageReferences = (
				A50179E92D259C2000285614 /* XCRemoteSwiftPackageReference "swiftui-currency-field" */,
			);
			preferredProjectObjectVersion = 77;
			productRefGroup = A501799A2D255B8600285614 /* Products */;
			projectDirPath = "";
			projectRoot = "";
			targets = (
				A50179982D255B8600285614 /* T-Budget */,
				A50179AC2D255B8700285614 /* T-BudgetTests */,
				A50179B62D255B8700285614 /* T-BudgetUITests */,
			);
		};
/* End PBXProject section */

/* Begin PBXResourcesBuildPhase section */
		A50179972D255B8600285614 /* Resources */ = {
			isa = PBXResourcesBuildPhase;
			buildActionMask = 2147483647;
			files = (
			);
			runOnlyForDeploymentPostprocessing = 0;
		};
		A50179AB2D255B8700285614 /* Resources */ = {
			isa = PBXResourcesBuildPhase;
			buildActionMask = 2147483647;
			files = (
			);
			runOnlyForDeploymentPostprocessing = 0;
		};
		A50179B52D255B8700285614 /* Resources */ = {
			isa = PBXResourcesBuildPhase;
			buildActionMask = 2147483647;
			files = (
			);
			runOnlyForDeploymentPostprocessing = 0;
		};
/* End PBXResourcesBuildPhase section */

/* Begin PBXSourcesBuildPhase section */
		A50179952D255B8600285614 /* Sources */ = {
			isa = PBXSourcesBuildPhase;
			buildActionMask = 2147483647;
			files = (
			);
			runOnlyForDeploymentPostprocessing = 0;
		};
		A50179A92D255B8700285614 /* Sources */ = {
			isa = PBXSourcesBuildPhase;
			buildActionMask = 2147483647;
			files = (
			);
			runOnlyForDeploymentPostprocessing = 0;
		};
		A50179B32D255B8700285614 /* Sources */ = {
			isa = PBXSourcesBuildPhase;
			buildActionMask = 2147483647;
			files = (
			);
			runOnlyForDeploymentPostprocessing = 0;
		};
/* End PBXSourcesBuildPhase section */

/* Begin PBXTargetDependency section */
		A50179AF2D255B8700285614 /* PBXTargetDependency */ = {
			isa = PBXTargetDependency;
			target = A50179982D255B8600285614 /* T-Budget */;
			targetProxy = A50179AE2D255B8700285614 /* PBXContainerItemProxy */;
		};
		A50179B92D255B8700285614 /* PBXTargetDependency */ = {
			isa = PBXTargetDependency;
			target = A50179982D255B8600285614 /* T-Budget */;
			targetProxy = A50179B82D255B8700285614 /* PBXContainerItemProxy */;
		};
/* End PBXTargetDependency section */

/* Begin XCBuildConfiguration section */
		A50179C12D255B8700285614 /* Debug */ = {
			isa = XCBuildConfiguration;
			buildSettings = {
				ASSETCATALOG_COMPILER_APPICON_NAME = AppIcon;
				ASSETCATALOG_COMPILER_GLOBAL_ACCENT_COLOR_NAME = AccentColor;
				CODE_SIGN_ENTITLEMENTS = "T-Expenses/T_Expenses.entitlements";
				CODE_SIGN_STYLE = Automatic;
				CURRENT_PROJECT_VERSION = 1;
				DEVELOPMENT_ASSET_PATHS = "\"T-Expenses/Preview Content\"";
				DEVELOPMENT_TEAM = P7PY7CP3A9;
				ENABLE_PREVIEWS = YES;
				GENERATE_INFOPLIST_FILE = YES;
				INFOPLIST_FILE = "T-Expenses/Info.plist";
				INFOPLIST_KEY_CFBundleDisplayName = "T-Expenses";
				INFOPLIST_KEY_LSApplicationCategoryType = "public.app-category.finance";
				INFOPLIST_KEY_UIApplicationSceneManifest_Generation = YES;
				INFOPLIST_KEY_UIApplicationSupportsIndirectInputEvents = YES;
				INFOPLIST_KEY_UILaunchScreen_Generation = YES;
				INFOPLIST_KEY_UISupportedInterfaceOrientations_iPad = "UIInterfaceOrientationPortrait UIInterfaceOrientationPortraitUpsideDown UIInterfaceOrientationLandscapeLeft UIInterfaceOrientationLandscapeRight";
				INFOPLIST_KEY_UISupportedInterfaceOrientations_iPhone = "UIInterfaceOrientationPortrait UIInterfaceOrientationLandscapeLeft UIInterfaceOrientationLandscapeRight";
				LD_RUNPATH_SEARCH_PATHS = (
					"$(inherited)",
					"@executable_path/Frameworks",
				);
				MARKETING_VERSION = 1.0;
				PRODUCT_BUNDLE_IDENTIFIER = "org.rr.T-Expenses";
				PRODUCT_NAME = "$(TARGET_NAME)";
				SUPPORTED_PLATFORMS = "iphoneos iphonesimulator";
				SUPPORTS_MACCATALYST = NO;
				SUPPORTS_XR_DESIGNED_FOR_IPHONE_IPAD = NO;
				SWIFT_EMIT_LOC_STRINGS = YES;
				SWIFT_VERSION = 5.0;
				TARGETED_DEVICE_FAMILY = 1;
			};
			name = Debug;
		};
		A50179C22D255B8700285614 /* Release */ = {
			isa = XCBuildConfiguration;
			buildSettings = {
				ASSETCATALOG_COMPILER_APPICON_NAME = AppIcon;
				ASSETCATALOG_COMPILER_GLOBAL_ACCENT_COLOR_NAME = AccentColor;
				CODE_SIGN_ENTITLEMENTS = "T-Expenses/T_Expenses.entitlements";
				CODE_SIGN_STYLE = Automatic;
				CURRENT_PROJECT_VERSION = 1;
				DEVELOPMENT_ASSET_PATHS = "\"T-Expenses/Preview Content\"";
				DEVELOPMENT_TEAM = P7PY7CP3A9;
				ENABLE_PREVIEWS = YES;
				GENERATE_INFOPLIST_FILE = YES;
				INFOPLIST_FILE = "T-Expenses/Info.plist";
				INFOPLIST_KEY_CFBundleDisplayName = "T-Expenses";
				INFOPLIST_KEY_LSApplicationCategoryType = "public.app-category.finance";
				INFOPLIST_KEY_UIApplicationSceneManifest_Generation = YES;
				INFOPLIST_KEY_UIApplicationSupportsIndirectInputEvents = YES;
				INFOPLIST_KEY_UILaunchScreen_Generation = YES;
				INFOPLIST_KEY_UISupportedInterfaceOrientations_iPad = "UIInterfaceOrientationPortrait UIInterfaceOrientationPortraitUpsideDown UIInterfaceOrientationLandscapeLeft UIInterfaceOrientationLandscapeRight";
				INFOPLIST_KEY_UISupportedInterfaceOrientations_iPhone = "UIInterfaceOrientationPortrait UIInterfaceOrientationLandscapeLeft UIInterfaceOrientationLandscapeRight";
				LD_RUNPATH_SEARCH_PATHS = (
					"$(inherited)",
					"@executable_path/Frameworks",
				);
				MARKETING_VERSION = 1.0;
				PRODUCT_BUNDLE_IDENTIFIER = "org.rr.T-Expenses";
				PRODUCT_NAME = "$(TARGET_NAME)";
				SUPPORTED_PLATFORMS = "iphoneos iphonesimulator";
				SUPPORTS_MACCATALYST = NO;
				SUPPORTS_XR_DESIGNED_FOR_IPHONE_IPAD = NO;
				SWIFT_EMIT_LOC_STRINGS = YES;
				SWIFT_VERSION = 5.0;
				TARGETED_DEVICE_FAMILY = 1;
			};
			name = Release;
		};
		A50179C32D255B8700285614 /* Debug */ = {
			isa = XCBuildConfiguration;
			buildSettings = {
				ALWAYS_SEARCH_USER_PATHS = NO;
				ASSETCATALOG_COMPILER_GENERATE_SWIFT_ASSET_SYMBOL_EXTENSIONS = YES;
				CLANG_ANALYZER_NONNULL = YES;
				CLANG_ANALYZER_NUMBER_OBJECT_CONVERSION = YES_AGGRESSIVE;
				CLANG_CXX_LANGUAGE_STANDARD = "gnu++20";
				CLANG_ENABLE_MODULES = YES;
				CLANG_ENABLE_OBJC_ARC = YES;
				CLANG_ENABLE_OBJC_WEAK = YES;
				CLANG_WARN_BLOCK_CAPTURE_AUTORELEASING = YES;
				CLANG_WARN_BOOL_CONVERSION = YES;
				CLANG_WARN_COMMA = YES;
				CLANG_WARN_CONSTANT_CONVERSION = YES;
				CLANG_WARN_DEPRECATED_OBJC_IMPLEMENTATIONS = YES;
				CLANG_WARN_DIRECT_OBJC_ISA_USAGE = YES_ERROR;
				CLANG_WARN_DOCUMENTATION_COMMENTS = YES;
				CLANG_WARN_EMPTY_BODY = YES;
				CLANG_WARN_ENUM_CONVERSION = YES;
				CLANG_WARN_INFINITE_RECURSION = YES;
				CLANG_WARN_INT_CONVERSION = YES;
				CLANG_WARN_NON_LITERAL_NULL_CONVERSION = YES;
				CLANG_WARN_OBJC_IMPLICIT_RETAIN_SELF = YES;
				CLANG_WARN_OBJC_LITERAL_CONVERSION = YES;
				CLANG_WARN_OBJC_ROOT_CLASS = YES_ERROR;
				CLANG_WARN_QUOTED_INCLUDE_IN_FRAMEWORK_HEADER = YES;
				CLANG_WARN_RANGE_LOOP_ANALYSIS = YES;
				CLANG_WARN_STRICT_PROTOTYPES = YES;
				CLANG_WARN_SUSPICIOUS_MOVE = YES;
				CLANG_WARN_UNGUARDED_AVAILABILITY = YES_AGGRESSIVE;
				CLANG_WARN_UNREACHABLE_CODE = YES;
				CLANG_WARN__DUPLICATE_METHOD_MATCH = YES;
				COPY_PHASE_STRIP = NO;
				DEBUG_INFORMATION_FORMAT = dwarf;
				ENABLE_STRICT_OBJC_MSGSEND = YES;
				ENABLE_TESTABILITY = YES;
				ENABLE_USER_SCRIPT_SANDBOXING = YES;
				GCC_C_LANGUAGE_STANDARD = gnu17;
				GCC_DYNAMIC_NO_PIC = NO;
				GCC_NO_COMMON_BLOCKS = YES;
				GCC_OPTIMIZATION_LEVEL = 0;
				GCC_PREPROCESSOR_DEFINITIONS = (
					"DEBUG=1",
					"$(inherited)",
				);
				GCC_WARN_64_TO_32_BIT_CONVERSION = YES;
				GCC_WARN_ABOUT_RETURN_TYPE = YES_ERROR;
				GCC_WARN_UNDECLARED_SELECTOR = YES;
				GCC_WARN_UNINITIALIZED_AUTOS = YES_AGGRESSIVE;
				GCC_WARN_UNUSED_FUNCTION = YES;
				GCC_WARN_UNUSED_VARIABLE = YES;
				IPHONEOS_DEPLOYMENT_TARGET = 18.2;
				LOCALIZATION_PREFERS_STRING_CATALOGS = YES;
				MTL_ENABLE_DEBUG_INFO = INCLUDE_SOURCE;
				MTL_FAST_MATH = YES;
				ONLY_ACTIVE_ARCH = YES;
				SDKROOT = iphoneos;
				SWIFT_ACTIVE_COMPILATION_CONDITIONS = "DEBUG $(inherited)";
				SWIFT_OPTIMIZATION_LEVEL = "-Onone";
				SWIFT_STRICT_CONCURRENCY = complete;
			};
			name = Debug;
		};
		A50179C42D255B8700285614 /* Release */ = {
			isa = XCBuildConfiguration;
			buildSettings = {
				ALWAYS_SEARCH_USER_PATHS = NO;
				ASSETCATALOG_COMPILER_GENERATE_SWIFT_ASSET_SYMBOL_EXTENSIONS = YES;
				CLANG_ANALYZER_NONNULL = YES;
				CLANG_ANALYZER_NUMBER_OBJECT_CONVERSION = YES_AGGRESSIVE;
				CLANG_CXX_LANGUAGE_STANDARD = "gnu++20";
				CLANG_ENABLE_MODULES = YES;
				CLANG_ENABLE_OBJC_ARC = YES;
				CLANG_ENABLE_OBJC_WEAK = YES;
				CLANG_WARN_BLOCK_CAPTURE_AUTORELEASING = YES;
				CLANG_WARN_BOOL_CONVERSION = YES;
				CLANG_WARN_COMMA = YES;
				CLANG_WARN_CONSTANT_CONVERSION = YES;
				CLANG_WARN_DEPRECATED_OBJC_IMPLEMENTATIONS = YES;
				CLANG_WARN_DIRECT_OBJC_ISA_USAGE = YES_ERROR;
				CLANG_WARN_DOCUMENTATION_COMMENTS = YES;
				CLANG_WARN_EMPTY_BODY = YES;
				CLANG_WARN_ENUM_CONVERSION = YES;
				CLANG_WARN_INFINITE_RECURSION = YES;
				CLANG_WARN_INT_CONVERSION = YES;
				CLANG_WARN_NON_LITERAL_NULL_CONVERSION = YES;
				CLANG_WARN_OBJC_IMPLICIT_RETAIN_SELF = YES;
				CLANG_WARN_OBJC_LITERAL_CONVERSION = YES;
				CLANG_WARN_OBJC_ROOT_CLASS = YES_ERROR;
				CLANG_WARN_QUOTED_INCLUDE_IN_FRAMEWORK_HEADER = YES;
				CLANG_WARN_RANGE_LOOP_ANALYSIS = YES;
				CLANG_WARN_STRICT_PROTOTYPES = YES;
				CLANG_WARN_SUSPICIOUS_MOVE = YES;
				CLANG_WARN_UNGUARDED_AVAILABILITY = YES_AGGRESSIVE;
				CLANG_WARN_UNREACHABLE_CODE = YES;
				CLANG_WARN__DUPLICATE_METHOD_MATCH = YES;
				COPY_PHASE_STRIP = NO;
				DEBUG_INFORMATION_FORMAT = "dwarf-with-dsym";
				ENABLE_NS_ASSERTIONS = NO;
				ENABLE_STRICT_OBJC_MSGSEND = YES;
				ENABLE_USER_SCRIPT_SANDBOXING = YES;
				GCC_C_LANGUAGE_STANDARD = gnu17;
				GCC_NO_COMMON_BLOCKS = YES;
				GCC_WARN_64_TO_32_BIT_CONVERSION = YES;
				GCC_WARN_ABOUT_RETURN_TYPE = YES_ERROR;
				GCC_WARN_UNDECLARED_SELECTOR = YES;
				GCC_WARN_UNINITIALIZED_AUTOS = YES_AGGRESSIVE;
				GCC_WARN_UNUSED_FUNCTION = YES;
				GCC_WARN_UNUSED_VARIABLE = YES;
				IPHONEOS_DEPLOYMENT_TARGET = 18.2;
				LOCALIZATION_PREFERS_STRING_CATALOGS = YES;
				MTL_ENABLE_DEBUG_INFO = NO;
				MTL_FAST_MATH = YES;
				SDKROOT = iphoneos;
				SWIFT_COMPILATION_MODE = wholemodule;
				SWIFT_STRICT_CONCURRENCY = complete;
				VALIDATE_PRODUCT = YES;
			};
			name = Release;
		};
		A50179C62D255B8700285614 /* Debug */ = {
			isa = XCBuildConfiguration;
			buildSettings = {
				BUNDLE_LOADER = "$(TEST_HOST)";
				CODE_SIGN_STYLE = Automatic;
				CURRENT_PROJECT_VERSION = 1;
				DEVELOPMENT_TEAM = P7PY7CP3A9;
				GENERATE_INFOPLIST_FILE = YES;
				IPHONEOS_DEPLOYMENT_TARGET = 18.2;
				MARKETING_VERSION = 1.0;
				PRODUCT_BUNDLE_IDENTIFIER = "org.rr.T-ExpensesTests";
				PRODUCT_NAME = "$(TARGET_NAME)";
				SWIFT_EMIT_LOC_STRINGS = NO;
				SWIFT_VERSION = 5.0;
				TARGETED_DEVICE_FAMILY = "1,2";
				TEST_HOST = "$(BUILT_PRODUCTS_DIR)/T-Budget.app/$(BUNDLE_EXECUTABLE_FOLDER_PATH)/T-Budget";
			};
			name = Debug;
		};
		A50179C72D255B8700285614 /* Release */ = {
			isa = XCBuildConfiguration;
			buildSettings = {
				BUNDLE_LOADER = "$(TEST_HOST)";
				CODE_SIGN_STYLE = Automatic;
				CURRENT_PROJECT_VERSION = 1;
				DEVELOPMENT_TEAM = P7PY7CP3A9;
				GENERATE_INFOPLIST_FILE = YES;
				IPHONEOS_DEPLOYMENT_TARGET = 18.2;
				MARKETING_VERSION = 1.0;
				PRODUCT_BUNDLE_IDENTIFIER = "org.rr.T-ExpensesTests";
				PRODUCT_NAME = "$(TARGET_NAME)";
				SWIFT_EMIT_LOC_STRINGS = NO;
				SWIFT_VERSION = 5.0;
				TARGETED_DEVICE_FAMILY = "1,2";
				TEST_HOST = "$(BUILT_PRODUCTS_DIR)/T-Budget.app/$(BUNDLE_EXECUTABLE_FOLDER_PATH)/T-Budget";
			};
			name = Release;
		};
		A50179C92D255B8700285614 /* Debug */ = {
			isa = XCBuildConfiguration;
			buildSettings = {
				CODE_SIGN_STYLE = Automatic;
				CURRENT_PROJECT_VERSION = 1;
				DEVELOPMENT_TEAM = P7PY7CP3A9;
				GENERATE_INFOPLIST_FILE = YES;
				MARKETING_VERSION = 1.0;
				PRODUCT_BUNDLE_IDENTIFIER = "org.rr.T-ExpensesUITests";
				PRODUCT_NAME = "$(TARGET_NAME)";
				SWIFT_EMIT_LOC_STRINGS = NO;
				SWIFT_VERSION = 5.0;
				TARGETED_DEVICE_FAMILY = "1,2";
				TEST_TARGET_NAME = "T-Expenses";
			};
			name = Debug;
		};
		A50179CA2D255B8700285614 /* Release */ = {
			isa = XCBuildConfiguration;
			buildSettings = {
				CODE_SIGN_STYLE = Automatic;
				CURRENT_PROJECT_VERSION = 1;
				DEVELOPMENT_TEAM = P7PY7CP3A9;
				GENERATE_INFOPLIST_FILE = YES;
				MARKETING_VERSION = 1.0;
				PRODUCT_BUNDLE_IDENTIFIER = "org.rr.T-ExpensesUITests";
				PRODUCT_NAME = "$(TARGET_NAME)";
				SWIFT_EMIT_LOC_STRINGS = NO;
				SWIFT_VERSION = 5.0;
				TARGETED_DEVICE_FAMILY = "1,2";
				TEST_TARGET_NAME = "T-Expenses";
			};
			name = Release;
		};
/* End XCBuildConfiguration section */

/* Begin XCConfigurationList section */
		A50179942D255B8600285614 /* Build configuration list for PBXProject "T-Budget" */ = {
			isa = XCConfigurationList;
			buildConfigurations = (
				A50179C32D255B8700285614 /* Debug */,
				A50179C42D255B8700285614 /* Release */,
			);
			defaultConfigurationIsVisible = 0;
			defaultConfigurationName = Release;
		};
		A50179C02D255B8700285614 /* Build configuration list for PBXNativeTarget "T-Budget" */ = {
			isa = XCConfigurationList;
			buildConfigurations = (
				A50179C12D255B8700285614 /* Debug */,
				A50179C22D255B8700285614 /* Release */,
			);
			defaultConfigurationIsVisible = 0;
			defaultConfigurationName = Release;
		};
		A50179C52D255B8700285614 /* Build configuration list for PBXNativeTarget "T-BudgetTests" */ = {
			isa = XCConfigurationList;
			buildConfigurations = (
				A50179C62D255B8700285614 /* Debug */,
				A50179C72D255B8700285614 /* Release */,
			);
			defaultConfigurationIsVisible = 0;
			defaultConfigurationName = Release;
		};
		A50179C82D255B8700285614 /* Build configuration list for PBXNativeTarget "T-BudgetUITests" */ = {
			isa = XCConfigurationList;
			buildConfigurations = (
				A50179C92D255B8700285614 /* Debug */,
				A50179CA2D255B8700285614 /* Release */,
			);
			defaultConfigurationIsVisible = 0;
			defaultConfigurationName = Release;
		};
/* End XCConfigurationList section */

/* Begin XCRemoteSwiftPackageReference section */
		A50179E92D259C2000285614 /* XCRemoteSwiftPackageReference "swiftui-currency-field" */ = {
			isa = XCRemoteSwiftPackageReference;
			repositoryURL = "https://github.com/jtrinc/swiftui-currency-field.git";
			requirement = {
				kind = upToNextMajorVersion;
				minimumVersion = 1.0.2;
			};
		};
/* End XCRemoteSwiftPackageReference section */

/* Begin XCSwiftPackageProductDependency section */
		A5A31B7D2D259CEE005BDAF7 /* CurrencyField */ = {
			isa = XCSwiftPackageProductDependency;
			package = A50179E92D259C2000285614 /* XCRemoteSwiftPackageReference "swiftui-currency-field" */;
			productName = CurrencyField;
		};
/* End XCSwiftPackageProductDependency section */
	};
	rootObject = A50179912D255B8600285614 /* Project object */;
}
